---
triple:          'arm64-apple-darwin'
binary-path:     bank_global_lock
relocations:
  - { offsetInCU: 0x26, offset: 0x26, size: 0x8, addend: 0x0, symName: _run_benchmark, symObjAddr: 0x0, symBinAddr: 0x100003260, symSize: 0x1BC }
  - { offsetInCU: 0xE8, offset: 0xE8, size: 0x8, addend: 0x0, symName: _run_benchmark, symObjAddr: 0x0, symBinAddr: 0x100003260, symSize: 0x1BC }
  - { offsetInCU: 0x199, offset: 0x199, size: 0x8, addend: 0x0, symName: _create_account, symObjAddr: 0x1BC, symBinAddr: 0x10000341C, symSize: 0x150 }
  - { offsetInCU: 0x1E7, offset: 0x1E7, size: 0x8, addend: 0x0, symName: _list_accounts, symObjAddr: 0x30C, symBinAddr: 0x10000356C, symSize: 0x98 }
  - { offsetInCU: 0x219, offset: 0x219, size: 0x8, addend: 0x0, symName: _modify_balance, symObjAddr: 0x3A4, symBinAddr: 0x100003604, symSize: 0xFC }
  - { offsetInCU: 0x267, offset: 0x267, size: 0x8, addend: 0x0, symName: _main, symObjAddr: 0x4A0, symBinAddr: 0x100003700, symSize: 0x1E0 }
  - { offsetInCU: 0x26, offset: 0x52F, size: 0x8, addend: 0x0, symName: _thread_entry_point, symObjAddr: 0x0, symBinAddr: 0x1000038F4, symSize: 0x128 }
  - { offsetInCU: 0xA6, offset: 0x5AF, size: 0x8, addend: 0x0, symName: _thread_entry_point, symObjAddr: 0x0, symBinAddr: 0x1000038F4, symSize: 0x128 }
  - { offsetInCU: 0x176, offset: 0x67F, size: 0x8, addend: 0x0, symName: _benchmark_driver, symObjAddr: 0x128, symBinAddr: 0x100003A1C, symSize: 0x284 }
...
